
Microsoft Visual Studio Solution File, Format Version 12.00
# Visual Studio Version 16
VisualStudioVersion = 16.0.33130.400
MinimumVisualStudioVersion = 10.0.40219.1
Project("{FAE04EC0-301F-11D3-BF4B-00C04F79EFBC}") = "AwsMain", "AwsMain.csproj", "{DC8EFFA4-E111-4658-A4E6-62F3A3BD6428}"
EndProject
Global
	GlobalSection(SolutionConfigurationPlatforms) = preSolution
		Debug|Any CPU = Debug|Any CPU
		Release|Any CPU = Release|Any CPU
	EndGlobalSection
	GlobalSection(ProjectConfigurationPlatforms) = postSolution
		{DC8EFFA4-E111-4658-A4E6-62F3A3BD6428}.Debug|Any CPU.ActiveCfg = Debug|Any CPU
		{DC8EFFA4-E111-4658-A4E6-62F3A3BD6428}.Debug|Any CPU.Build.0 = Debug|Any CPU
		{DC8EFFA4-E111-4658-A4E6-62F3A3BD6428}.Release|Any CPU.ActiveCfg = Release|Any CPU
		{DC8EFFA4-E111-4658-A4E6-62F3A3BD6428}.Release|Any CPU.Build.0 = Release|Any CPU
	EndGlobalSection
	GlobalSection(SolutionProperties) = preSolution
		HideSolutionNode = FALSE
	EndGlobalSection
	GlobalSection(ExtensibilityGlobals) = postSolution
		SolutionGuid = {E04E55FC-AAA8-47AE-AE43-ED013A457FC2}
	EndGlobalSection
EndGlobal
